
Microsoft Visual Studio Solution File, Format Version 12.00
# Visual Studio Version 16
VisualStudioVersion = 16.0.30611.23
MinimumVisualStudioVersion = 10.0.40219.1
Project("{FAE04EC0-301F-11D3-BF4B-00C04F79EFBC}") = "BeautifulGirl", "BeautifulGirl.csproj", "{836605B5-9038-4F2B-AE82-3D98D77CACA1}"
EndProject
Global
	GlobalSection(SolutionConfigurationPlatforms) = preSolution
		Debug|Any CPU = Debug|Any CPU
		Release|Any CPU = Release|Any CPU
	EndGlobalSection
	GlobalSection(ProjectConfigurationPlatforms) = postSolution
		{836605B5-9038-4F2B-AE82-3D98D77CACA1}.Debug|Any CPU.ActiveCfg = Debug|Any CPU
		{836605B5-9038-4F2B-AE82-3D98D77CACA1}.Debug|Any CPU.Build.0 = Debug|Any CPU
		{836605B5-9038-4F2B-AE82-3D98D77CACA1}.Release|Any CPU.ActiveCfg = Release|Any CPU
		{836605B5-9038-4F2B-AE82-3D98D77CACA1}.Release|Any CPU.Build.0 = Release|Any CPU
	EndGlobalSection
	GlobalSection(SolutionProperties) = preSolution
		HideSolutionNode = FALSE
	EndGlobalSection
	GlobalSection(ExtensibilityGlobals) = postSolution
		SolutionGuid = {B7E6BF06-116D-4E1C-B1DA-AE1281307EEB}
	EndGlobalSection
EndGlobal
